
Microsoft Visual Studio Solution File, Format Version 12.00
# Visual Studio Version 17
VisualStudioVersion = 17.8.34525.116
MinimumVisualStudioVersion = 10.0.40219.1
Project("{9A19103F-16F7-4668-BE54-9A1E7A4F7556}") = "Authorization.Api", "Authorization.Api\Authorization.Api.csproj", "{616D8444-D05D-420E-8862-157A2DED4866}"
EndProject
Project("{2150E333-8FDC-42A3-9474-1A3956D46DE8}") = "AuthorizationMicroservice", "AuthorizationMicroservice", "{79E294A1-CAFB-4F32-B099-5EC638507E19}"
EndProject
Project("{9A19103F-16F7-4668-BE54-9A1E7A4F7556}") = "Authorization.Domain", "Authorization.Domain\Authorization.Domain.csproj", "{4C4D03F1-3DEB-4629-80FF-2B9DBE5C4EC0}"
EndProject
Project("{9A19103F-16F7-4668-BE54-9A1E7A4F7556}") = "Authorization.Application", "Authorization.Application\Authorization.Application.csproj", "{9D435A55-0824-4288-BE15-0E97916257B2}"
EndProject
Project("{9A19103F-16F7-4668-BE54-9A1E7A4F7556}") = "Authorization.Persistence", "Authorization.Persistence\Authorization.Persistence.csproj", "{083D6177-406D-4E51-8E0A-EC276FD81292}"
EndProject
Project("{2150E333-8FDC-42A3-9474-1A3956D46DE8}") = "ManageUsersMicroservice", "ManageUsersMicroservice", "{8D26F97C-DF63-4788-99F8-70906D803E00}"
EndProject
Project("{9A19103F-16F7-4668-BE54-9A1E7A4F7556}") = "ManageUsers.Api", "ManageUsers.Api\ManageUsers.Api.csproj", "{760F6BBA-13C0-4022-AE90-FB3315CA54DF}"
EndProject
Project("{9A19103F-16F7-4668-BE54-9A1E7A4F7556}") = "ManageUsers.Application", "ManageUsers.Application\ManageUsers.Application.csproj", "{C4F982E0-D5D0-4830-8929-C7DADB101CDA}"
EndProject
Project("{9A19103F-16F7-4668-BE54-9A1E7A4F7556}") = "ManageUsers.Domain", "ManageUsers.Domain\ManageUsers.Domain.csproj", "{AFCFB5EA-ADA2-45D3-B044-C1D84ACEA588}"
EndProject
Project("{9A19103F-16F7-4668-BE54-9A1E7A4F7556}") = "ManageUsers.Persistence", "ManageUsers.Persistence\ManageUsers.Persistence.csproj", "{544E14B7-A2A3-4148-BE27-52E7DBFFF5CE}"
EndProject
Project("{2150E333-8FDC-42A3-9474-1A3956D46DE8}") = "PatientTicketsMicroservice", "PatientTicketsMicroservice", "{CA1D271E-CF0F-4DB8-8C0A-56ADE198CCC5}"
EndProject
Project("{2150E333-8FDC-42A3-9474-1A3956D46DE8}") = "MedicalCardsMicroservice", "MedicalCardsMicroservice", "{FAD3BDA1-76CD-4A38-A8F1-5378905C7AB9}"
EndProject
Project("{2150E333-8FDC-42A3-9474-1A3956D46DE8}") = "ReviewsMicroservice", "ReviewsMicroservice", "{F67BBBBF-513D-4623-8888-42EBA79B1516}"
EndProject
Project("{9A19103F-16F7-4668-BE54-9A1E7A4F7556}") = "PatientTickets.Api", "PatientTickets.Api\PatientTickets.Api.csproj", "{7A5F60C7-E3F3-4590-88C8-E1542404FAD9}"
EndProject
Project("{9A19103F-16F7-4668-BE54-9A1E7A4F7556}") = "PatientTickets.Domain", "PatientTickets.Domain\PatientTickets.Domain.csproj", "{F84E67E5-4330-416D-BD4A-C2FA3B5E7BC9}"
EndProject
Project("{9A19103F-16F7-4668-BE54-9A1E7A4F7556}") = "PatientTickets.Application", "PatientTickets.Application\PatientTickets.Application.csproj", "{09F6D8AB-B876-4007-88D4-8D065ED6C300}"
EndProject
Project("{9A19103F-16F7-4668-BE54-9A1E7A4F7556}") = "PatientTickets.Persistence", "PatientTickets.Persistence\PatientTickets.Persistence.csproj", "{03F009F3-FD28-4936-834E-FFF98E35D808}"
EndProject
Project("{9A19103F-16F7-4668-BE54-9A1E7A4F7556}") = "Reviews.Api", "Reviews.Api\Reviews.Api.csproj", "{7E9A318B-0F5F-4D76-A78A-566B523BDCCF}"
EndProject
Project("{9A19103F-16F7-4668-BE54-9A1E7A4F7556}") = "Reviews.Domain", "Reviews.Domain\Reviews.Domain.csproj", "{D2299E1A-17D2-44A5-AE78-D3C2FF6F00B9}"
EndProject
Project("{9A19103F-16F7-4668-BE54-9A1E7A4F7556}") = "Reviews.Application", "Reviews.Application\Reviews.Application.csproj", "{1B00C37C-6F01-437E-B436-7187EA51C6CB}"
EndProject
Project("{9A19103F-16F7-4668-BE54-9A1E7A4F7556}") = "Reviews.Persistence", "Reviews.Persistence\Reviews.Persistence.csproj", "{37519F36-7A8A-4CCB-B735-9B0425AB384C}"
EndProject
Project("{9A19103F-16F7-4668-BE54-9A1E7A4F7556}") = "MedicalCards.Api", "MedicalCards.Api\MedicalCards.Api.csproj", "{F333D8CD-BAAD-4442-985F-5260BAF00DC0}"
EndProject
Project("{9A19103F-16F7-4668-BE54-9A1E7A4F7556}") = "MedicalCards.Application", "MedicalCards.Application\MedicalCards.Application.csproj", "{B4D7EB65-BB8B-4E56-AC25-54596D9C2ED2}"
EndProject
Project("{9A19103F-16F7-4668-BE54-9A1E7A4F7556}") = "MedicalCards.Persistence", "MedicalCards.Persistence\MedicalCards.Persistence.csproj", "{2EA6D6C2-9BBC-4524-B100-CBE5279E8B4F}"
EndProject
Project("{9A19103F-16F7-4668-BE54-9A1E7A4F7556}") = "MedicalCards.Domain", "MedicalCards.Domain\MedicalCards.Domain.csproj", "{FDF8C7D3-F760-446D-8682-7D9C5BF2DE55}"
EndProject
Project("{2150E333-8FDC-42A3-9474-1A3956D46DE8}") = "SolutionItems", "SolutionItems", "{CB695518-70CF-4D15-B4EE-EE13A24408F2}"
EndProject
Project("{9A19103F-16F7-4668-BE54-9A1E7A4F7556}") = "Authorization.ExternalProviders", "Authorization.ExternalProviders\Authorization.ExternalProviders.csproj", "{C36FEC23-224B-4954-811F-C3D542AD4CB3}"
EndProject
Project("{9A19103F-16F7-4668-BE54-9A1E7A4F7556}") = "PatientTickets.ExternalProviders", "PatientTickets.ExternalProviders\PatientTickets.ExternalProviders.csproj", "{5A43009E-26FD-4043-8BB8-F8EC57003EE3}"
EndProject
Project("{9A19103F-16F7-4668-BE54-9A1E7A4F7556}") = "MedicalCards.ExternalProviders", "MedicalCards.ExternalProviders\MedicalCards.ExternalProviders.csproj", "{95ECB6D5-D5F7-497B-9BC2-DD2FD77C1D67}"
EndProject
Project("{9A19103F-16F7-4668-BE54-9A1E7A4F7556}") = "Reviews.ExternalProviders", "Reviews.ExternalProviders\Reviews.ExternalProviders.csproj", "{C81EC0E6-B3AA-4A66-A815-B3975E0FD1BE}"
EndProject
Project("{9A19103F-16F7-4668-BE54-9A1E7A4F7556}") = "Reviews.Infrastructure", "Reviews.Infrastructure\Reviews.Infrastructure.csproj", "{0E5AD764-1901-46DB-9EB9-42F5AB940AB2}"
EndProject
Project("{2150E333-8FDC-42A3-9474-1A3956D46DE8}") = "ManageUsersTests", "ManageUsersTests", "{B441E33B-894A-4810-84F7-CCE9BD18EE12}"
EndProject
Project("{9A19103F-16F7-4668-BE54-9A1E7A4F7556}") = "ManageUsers.Application.Tests", "ManageUsers.Aplication.Tests\ManageUsers.Application.Tests.csproj", "{2DD799E1-E999-4399-802C-4E14C48B78ED}"
EndProject
Project("{9A19103F-16F7-4668-BE54-9A1E7A4F7556}") = "Contracts", "Contracts\Contracts.csproj", "{75AF4DDD-7C01-4563-A2C7-0DB8A02B3C16}"
EndProject
Project("{E53339B2-1760-4266-BCC7-CA923CBCF16C}") = "docker-compose", "docker-compose.dcproj", "{6EC455F9-93D9-43DC-8709-A14E0107A86E}"
EndProject
Project("{2150E333-8FDC-42A3-9474-1A3956D46DE8}") = "Solution Items", "Solution Items", "{480E6CD7-270B-4599-9C5B-72252488C755}"
	ProjectSection(SolutionItems) = preProject
		README.md = README.md
	EndProjectSection
EndProject
Global
	GlobalSection(SolutionConfigurationPlatforms) = preSolution
		Debug|Any CPU = Debug|Any CPU
		Release|Any CPU = Release|Any CPU
	EndGlobalSection
	GlobalSection(ProjectConfigurationPlatforms) = postSolution
		{616D8444-D05D-420E-8862-157A2DED4866}.Debug|Any CPU.ActiveCfg = Debug|Any CPU
		{616D8444-D05D-420E-8862-157A2DED4866}.Debug|Any CPU.Build.0 = Debug|Any CPU
		{616D8444-D05D-420E-8862-157A2DED4866}.Release|Any CPU.ActiveCfg = Release|Any CPU
		{616D8444-D05D-420E-8862-157A2DED4866}.Release|Any CPU.Build.0 = Release|Any CPU
		{4C4D03F1-3DEB-4629-80FF-2B9DBE5C4EC0}.Debug|Any CPU.ActiveCfg = Debug|Any CPU
		{4C4D03F1-3DEB-4629-80FF-2B9DBE5C4EC0}.Debug|Any CPU.Build.0 = Debug|Any CPU
		{4C4D03F1-3DEB-4629-80FF-2B9DBE5C4EC0}.Release|Any CPU.ActiveCfg = Release|Any CPU
		{4C4D03F1-3DEB-4629-80FF-2B9DBE5C4EC0}.Release|Any CPU.Build.0 = Release|Any CPU
		{9D435A55-0824-4288-BE15-0E97916257B2}.Debug|Any CPU.ActiveCfg = Debug|Any CPU
		{9D435A55-0824-4288-BE15-0E97916257B2}.Debug|Any CPU.Build.0 = Debug|Any CPU
		{9D435A55-0824-4288-BE15-0E97916257B2}.Release|Any CPU.ActiveCfg = Release|Any CPU
		{9D435A55-0824-4288-BE15-0E97916257B2}.Release|Any CPU.Build.0 = Release|Any CPU
		{083D6177-406D-4E51-8E0A-EC276FD81292}.Debug|Any CPU.ActiveCfg = Debug|Any CPU
		{083D6177-406D-4E51-8E0A-EC276FD81292}.Debug|Any CPU.Build.0 = Debug|Any CPU
		{083D6177-406D-4E51-8E0A-EC276FD81292}.Release|Any CPU.ActiveCfg = Release|Any CPU
		{083D6177-406D-4E51-8E0A-EC276FD81292}.Release|Any CPU.Build.0 = Release|Any CPU
		{760F6BBA-13C0-4022-AE90-FB3315CA54DF}.Debug|Any CPU.ActiveCfg = Debug|Any CPU
		{760F6BBA-13C0-4022-AE90-FB3315CA54DF}.Debug|Any CPU.Build.0 = Debug|Any CPU
		{760F6BBA-13C0-4022-AE90-FB3315CA54DF}.Release|Any CPU.ActiveCfg = Release|Any CPU
		{760F6BBA-13C0-4022-AE90-FB3315CA54DF}.Release|Any CPU.Build.0 = Release|Any CPU
		{C4F982E0-D5D0-4830-8929-C7DADB101CDA}.Debug|Any CPU.ActiveCfg = Debug|Any CPU
		{C4F982E0-D5D0-4830-8929-C7DADB101CDA}.Debug|Any CPU.Build.0 = Debug|Any CPU
		{C4F982E0-D5D0-4830-8929-C7DADB101CDA}.Release|Any CPU.ActiveCfg = Release|Any CPU
		{C4F982E0-D5D0-4830-8929-C7DADB101CDA}.Release|Any CPU.Build.0 = Release|Any CPU
		{AFCFB5EA-ADA2-45D3-B044-C1D84ACEA588}.Debug|Any CPU.ActiveCfg = Debug|Any CPU
		{AFCFB5EA-ADA2-45D3-B044-C1D84ACEA588}.Debug|Any CPU.Build.0 = Debug|Any CPU
		{AFCFB5EA-ADA2-45D3-B044-C1D84ACEA588}.Release|Any CPU.ActiveCfg = Release|Any CPU
		{AFCFB5EA-ADA2-45D3-B044-C1D84ACEA588}.Release|Any CPU.Build.0 = Release|Any CPU
		{544E14B7-A2A3-4148-BE27-52E7DBFFF5CE}.Debug|Any CPU.ActiveCfg = Debug|Any CPU
		{544E14B7-A2A3-4148-BE27-52E7DBFFF5CE}.Debug|Any CPU.Build.0 = Debug|Any CPU
		{544E14B7-A2A3-4148-BE27-52E7DBFFF5CE}.Release|Any CPU.ActiveCfg = Release|Any CPU
		{544E14B7-A2A3-4148-BE27-52E7DBFFF5CE}.Release|Any CPU.Build.0 = Release|Any CPU
		{7A5F60C7-E3F3-4590-88C8-E1542404FAD9}.Debug|Any CPU.ActiveCfg = Debug|Any CPU
		{7A5F60C7-E3F3-4590-88C8-E1542404FAD9}.Debug|Any CPU.Build.0 = Debug|Any CPU
		{7A5F60C7-E3F3-4590-88C8-E1542404FAD9}.Release|Any CPU.ActiveCfg = Release|Any CPU
		{7A5F60C7-E3F3-4590-88C8-E1542404FAD9}.Release|Any CPU.Build.0 = Release|Any CPU
		{F84E67E5-4330-416D-BD4A-C2FA3B5E7BC9}.Debug|Any CPU.ActiveCfg = Debug|Any CPU
		{F84E67E5-4330-416D-BD4A-C2FA3B5E7BC9}.Debug|Any CPU.Build.0 = Debug|Any CPU
		{F84E67E5-4330-416D-BD4A-C2FA3B5E7BC9}.Release|Any CPU.ActiveCfg = Release|Any CPU
		{F84E67E5-4330-416D-BD4A-C2FA3B5E7BC9}.Release|Any CPU.Build.0 = Release|Any CPU
		{09F6D8AB-B876-4007-88D4-8D065ED6C300}.Debug|Any CPU.ActiveCfg = Debug|Any CPU
		{09F6D8AB-B876-4007-88D4-8D065ED6C300}.Debug|Any CPU.Build.0 = Debug|Any CPU
		{09F6D8AB-B876-4007-88D4-8D065ED6C300}.Release|Any CPU.ActiveCfg = Release|Any CPU
		{09F6D8AB-B876-4007-88D4-8D065ED6C300}.Release|Any CPU.Build.0 = Release|Any CPU
		{03F009F3-FD28-4936-834E-FFF98E35D808}.Debug|Any CPU.ActiveCfg = Debug|Any CPU
		{03F009F3-FD28-4936-834E-FFF98E35D808}.Debug|Any CPU.Build.0 = Debug|Any CPU
		{03F009F3-FD28-4936-834E-FFF98E35D808}.Release|Any CPU.ActiveCfg = Release|Any CPU
		{03F009F3-FD28-4936-834E-FFF98E35D808}.Release|Any CPU.Build.0 = Release|Any CPU
		{7E9A318B-0F5F-4D76-A78A-566B523BDCCF}.Debug|Any CPU.ActiveCfg = Debug|Any CPU
		{7E9A318B-0F5F-4D76-A78A-566B523BDCCF}.Debug|Any CPU.Build.0 = Debug|Any CPU
		{7E9A318B-0F5F-4D76-A78A-566B523BDCCF}.Release|Any CPU.ActiveCfg = Release|Any CPU
		{7E9A318B-0F5F-4D76-A78A-566B523BDCCF}.Release|Any CPU.Build.0 = Release|Any CPU
		{D2299E1A-17D2-44A5-AE78-D3C2FF6F00B9}.Debug|Any CPU.ActiveCfg = Debug|Any CPU
		{D2299E1A-17D2-44A5-AE78-D3C2FF6F00B9}.Debug|Any CPU.Build.0 = Debug|Any CPU
		{D2299E1A-17D2-44A5-AE78-D3C2FF6F00B9}.Release|Any CPU.ActiveCfg = Release|Any CPU
		{D2299E1A-17D2-44A5-AE78-D3C2FF6F00B9}.Release|Any CPU.Build.0 = Release|Any CPU
		{1B00C37C-6F01-437E-B436-7187EA51C6CB}.Debug|Any CPU.ActiveCfg = Debug|Any CPU
		{1B00C37C-6F01-437E-B436-7187EA51C6CB}.Debug|Any CPU.Build.0 = Debug|Any CPU
		{1B00C37C-6F01-437E-B436-7187EA51C6CB}.Release|Any CPU.ActiveCfg = Release|Any CPU
		{1B00C37C-6F01-437E-B436-7187EA51C6CB}.Release|Any CPU.Build.0 = Release|Any CPU
		{37519F36-7A8A-4CCB-B735-9B0425AB384C}.Debug|Any CPU.ActiveCfg = Debug|Any CPU
		{37519F36-7A8A-4CCB-B735-9B0425AB384C}.Debug|Any CPU.Build.0 = Debug|Any CPU
		{37519F36-7A8A-4CCB-B735-9B0425AB384C}.Release|Any CPU.ActiveCfg = Release|Any CPU
		{37519F36-7A8A-4CCB-B735-9B0425AB384C}.Release|Any CPU.Build.0 = Release|Any CPU
		{F333D8CD-BAAD-4442-985F-5260BAF00DC0}.Debug|Any CPU.ActiveCfg = Debug|Any CPU
		{F333D8CD-BAAD-4442-985F-5260BAF00DC0}.Debug|Any CPU.Build.0 = Debug|Any CPU
		{F333D8CD-BAAD-4442-985F-5260BAF00DC0}.Release|Any CPU.ActiveCfg = Release|Any CPU
		{F333D8CD-BAAD-4442-985F-5260BAF00DC0}.Release|Any CPU.Build.0 = Release|Any CPU
		{B4D7EB65-BB8B-4E56-AC25-54596D9C2ED2}.Debug|Any CPU.ActiveCfg = Debug|Any CPU
		{B4D7EB65-BB8B-4E56-AC25-54596D9C2ED2}.Debug|Any CPU.Build.0 = Debug|Any CPU
		{B4D7EB65-BB8B-4E56-AC25-54596D9C2ED2}.Release|Any CPU.ActiveCfg = Release|Any CPU
		{B4D7EB65-BB8B-4E56-AC25-54596D9C2ED2}.Release|Any CPU.Build.0 = Release|Any CPU
		{2EA6D6C2-9BBC-4524-B100-CBE5279E8B4F}.Debug|Any CPU.ActiveCfg = Debug|Any CPU
		{2EA6D6C2-9BBC-4524-B100-CBE5279E8B4F}.Debug|Any CPU.Build.0 = Debug|Any CPU
		{2EA6D6C2-9BBC-4524-B100-CBE5279E8B4F}.Release|Any CPU.ActiveCfg = Release|Any CPU
		{2EA6D6C2-9BBC-4524-B100-CBE5279E8B4F}.Release|Any CPU.Build.0 = Release|Any CPU
		{FDF8C7D3-F760-446D-8682-7D9C5BF2DE55}.Debug|Any CPU.ActiveCfg = Debug|Any CPU
		{FDF8C7D3-F760-446D-8682-7D9C5BF2DE55}.Debug|Any CPU.Build.0 = Debug|Any CPU
		{FDF8C7D3-F760-446D-8682-7D9C5BF2DE55}.Release|Any CPU.ActiveCfg = Release|Any CPU
		{FDF8C7D3-F760-446D-8682-7D9C5BF2DE55}.Release|Any CPU.Build.0 = Release|Any CPU
		{C36FEC23-224B-4954-811F-C3D542AD4CB3}.Debug|Any CPU.ActiveCfg = Debug|Any CPU
		{C36FEC23-224B-4954-811F-C3D542AD4CB3}.Debug|Any CPU.Build.0 = Debug|Any CPU
		{C36FEC23-224B-4954-811F-C3D542AD4CB3}.Release|Any CPU.ActiveCfg = Release|Any CPU
		{C36FEC23-224B-4954-811F-C3D542AD4CB3}.Release|Any CPU.Build.0 = Release|Any CPU
		{5A43009E-26FD-4043-8BB8-F8EC57003EE3}.Debug|Any CPU.ActiveCfg = Debug|Any CPU
		{5A43009E-26FD-4043-8BB8-F8EC57003EE3}.Debug|Any CPU.Build.0 = Debug|Any CPU
		{5A43009E-26FD-4043-8BB8-F8EC57003EE3}.Release|Any CPU.ActiveCfg = Release|Any CPU
		{5A43009E-26FD-4043-8BB8-F8EC57003EE3}.Release|Any CPU.Build.0 = Release|Any CPU
		{95ECB6D5-D5F7-497B-9BC2-DD2FD77C1D67}.Debug|Any CPU.ActiveCfg = Debug|Any CPU
		{95ECB6D5-D5F7-497B-9BC2-DD2FD77C1D67}.Debug|Any CPU.Build.0 = Debug|Any CPU
		{95ECB6D5-D5F7-497B-9BC2-DD2FD77C1D67}.Release|Any CPU.ActiveCfg = Release|Any CPU
		{95ECB6D5-D5F7-497B-9BC2-DD2FD77C1D67}.Release|Any CPU.Build.0 = Release|Any CPU
		{C81EC0E6-B3AA-4A66-A815-B3975E0FD1BE}.Debug|Any CPU.ActiveCfg = Debug|Any CPU
		{C81EC0E6-B3AA-4A66-A815-B3975E0FD1BE}.Debug|Any CPU.Build.0 = Debug|Any CPU
		{C81EC0E6-B3AA-4A66-A815-B3975E0FD1BE}.Release|Any CPU.ActiveCfg = Release|Any CPU
		{C81EC0E6-B3AA-4A66-A815-B3975E0FD1BE}.Release|Any CPU.Build.0 = Release|Any CPU
		{0E5AD764-1901-46DB-9EB9-42F5AB940AB2}.Debug|Any CPU.ActiveCfg = Debug|Any CPU
		{0E5AD764-1901-46DB-9EB9-42F5AB940AB2}.Debug|Any CPU.Build.0 = Debug|Any CPU
		{0E5AD764-1901-46DB-9EB9-42F5AB940AB2}.Release|Any CPU.ActiveCfg = Release|Any CPU
		{0E5AD764-1901-46DB-9EB9-42F5AB940AB2}.Release|Any CPU.Build.0 = Release|Any CPU
		{2DD799E1-E999-4399-802C-4E14C48B78ED}.Debug|Any CPU.ActiveCfg = Debug|Any CPU
		{2DD799E1-E999-4399-802C-4E14C48B78ED}.Debug|Any CPU.Build.0 = Debug|Any CPU
		{2DD799E1-E999-4399-802C-4E14C48B78ED}.Release|Any CPU.ActiveCfg = Release|Any CPU
		{2DD799E1-E999-4399-802C-4E14C48B78ED}.Release|Any CPU.Build.0 = Release|Any CPU
		{75AF4DDD-7C01-4563-A2C7-0DB8A02B3C16}.Debug|Any CPU.ActiveCfg = Debug|Any CPU
		{75AF4DDD-7C01-4563-A2C7-0DB8A02B3C16}.Debug|Any CPU.Build.0 = Debug|Any CPU
		{75AF4DDD-7C01-4563-A2C7-0DB8A02B3C16}.Release|Any CPU.ActiveCfg = Release|Any CPU
		{75AF4DDD-7C01-4563-A2C7-0DB8A02B3C16}.Release|Any CPU.Build.0 = Release|Any CPU
		{6EC455F9-93D9-43DC-8709-A14E0107A86E}.Debug|Any CPU.ActiveCfg = Debug|Any CPU
		{6EC455F9-93D9-43DC-8709-A14E0107A86E}.Debug|Any CPU.Build.0 = Debug|Any CPU
		{6EC455F9-93D9-43DC-8709-A14E0107A86E}.Release|Any CPU.ActiveCfg = Release|Any CPU
		{6EC455F9-93D9-43DC-8709-A14E0107A86E}.Release|Any CPU.Build.0 = Release|Any CPU
	EndGlobalSection
	GlobalSection(SolutionProperties) = preSolution
		HideSolutionNode = FALSE
	EndGlobalSection
	GlobalSection(NestedProjects) = preSolution
		{616D8444-D05D-420E-8862-157A2DED4866} = {79E294A1-CAFB-4F32-B099-5EC638507E19}
		{4C4D03F1-3DEB-4629-80FF-2B9DBE5C4EC0} = {79E294A1-CAFB-4F32-B099-5EC638507E19}
		{9D435A55-0824-4288-BE15-0E97916257B2} = {79E294A1-CAFB-4F32-B099-5EC638507E19}
		{083D6177-406D-4E51-8E0A-EC276FD81292} = {79E294A1-CAFB-4F32-B099-5EC638507E19}
		{760F6BBA-13C0-4022-AE90-FB3315CA54DF} = {8D26F97C-DF63-4788-99F8-70906D803E00}
		{C4F982E0-D5D0-4830-8929-C7DADB101CDA} = {8D26F97C-DF63-4788-99F8-70906D803E00}
		{AFCFB5EA-ADA2-45D3-B044-C1D84ACEA588} = {8D26F97C-DF63-4788-99F8-70906D803E00}
		{544E14B7-A2A3-4148-BE27-52E7DBFFF5CE} = {8D26F97C-DF63-4788-99F8-70906D803E00}
		{7A5F60C7-E3F3-4590-88C8-E1542404FAD9} = {CA1D271E-CF0F-4DB8-8C0A-56ADE198CCC5}
		{F84E67E5-4330-416D-BD4A-C2FA3B5E7BC9} = {CA1D271E-CF0F-4DB8-8C0A-56ADE198CCC5}
		{09F6D8AB-B876-4007-88D4-8D065ED6C300} = {CA1D271E-CF0F-4DB8-8C0A-56ADE198CCC5}
		{03F009F3-FD28-4936-834E-FFF98E35D808} = {CA1D271E-CF0F-4DB8-8C0A-56ADE198CCC5}
		{7E9A318B-0F5F-4D76-A78A-566B523BDCCF} = {F67BBBBF-513D-4623-8888-42EBA79B1516}
		{D2299E1A-17D2-44A5-AE78-D3C2FF6F00B9} = {F67BBBBF-513D-4623-8888-42EBA79B1516}
		{1B00C37C-6F01-437E-B436-7187EA51C6CB} = {F67BBBBF-513D-4623-8888-42EBA79B1516}
		{37519F36-7A8A-4CCB-B735-9B0425AB384C} = {F67BBBBF-513D-4623-8888-42EBA79B1516}
		{F333D8CD-BAAD-4442-985F-5260BAF00DC0} = {FAD3BDA1-76CD-4A38-A8F1-5378905C7AB9}
		{B4D7EB65-BB8B-4E56-AC25-54596D9C2ED2} = {FAD3BDA1-76CD-4A38-A8F1-5378905C7AB9}
		{2EA6D6C2-9BBC-4524-B100-CBE5279E8B4F} = {FAD3BDA1-76CD-4A38-A8F1-5378905C7AB9}
		{FDF8C7D3-F760-446D-8682-7D9C5BF2DE55} = {FAD3BDA1-76CD-4A38-A8F1-5378905C7AB9}
		{C36FEC23-224B-4954-811F-C3D542AD4CB3} = {79E294A1-CAFB-4F32-B099-5EC638507E19}
		{5A43009E-26FD-4043-8BB8-F8EC57003EE3} = {CA1D271E-CF0F-4DB8-8C0A-56ADE198CCC5}
		{95ECB6D5-D5F7-497B-9BC2-DD2FD77C1D67} = {FAD3BDA1-76CD-4A38-A8F1-5378905C7AB9}
		{C81EC0E6-B3AA-4A66-A815-B3975E0FD1BE} = {F67BBBBF-513D-4623-8888-42EBA79B1516}
		{0E5AD764-1901-46DB-9EB9-42F5AB940AB2} = {F67BBBBF-513D-4623-8888-42EBA79B1516}
		{B441E33B-894A-4810-84F7-CCE9BD18EE12} = {8D26F97C-DF63-4788-99F8-70906D803E00}
		{2DD799E1-E999-4399-802C-4E14C48B78ED} = {B441E33B-894A-4810-84F7-CCE9BD18EE12}
		{75AF4DDD-7C01-4563-A2C7-0DB8A02B3C16} = {CB695518-70CF-4D15-B4EE-EE13A24408F2}
	EndGlobalSection
	GlobalSection(ExtensibilityGlobals) = postSolution
		SolutionGuid = {E99E4150-DDB4-4F6B-A0FD-B3623AC405C5}
	EndGlobalSection
EndGlobal
